
Microsoft Visual Studio Solution File, Format Version 12.00
# Visual Studio Version 17
VisualStudioVersion = 17.14.36429.23 d17.14
MinimumVisualStudioVersion = 10.0.40219.1
Project("{FAE04EC0-301F-11D3-BF4B-00C04F79EFBC}") = "EX01", "EX01\EX01.csproj", "{64853D20-E605-4825-A1B8-A18F741D5A3A}"
EndProject
Project("{FAE04EC0-301F-11D3-BF4B-00C04F79EFBC}") = "EX02", "EX02\EX02.csproj", "{F489A7BD-DF14-409F-B905-ED5644DA7874}"
EndProject
Project("{FAE04EC0-301F-11D3-BF4B-00C04F79EFBC}") = "EX03", "EX03\EX03.csproj", "{8E2C6F2B-8FFA-4F1D-B921-43AD54A8F7C9}"
EndProject
Project("{FAE04EC0-301F-11D3-BF4B-00C04F79EFBC}") = "EX04", "EX04\EX04.csproj", "{6DAB50D4-E781-4BD6-BED2-872FABE645D5}"
EndProject
Project("{FAE04EC0-301F-11D3-BF4B-00C04F79EFBC}") = "EX05", "EX05\EX05.csproj", "{45AEC5FC-769C-47DC-9573-2536B8CFF657}"
EndProject
Project("{FAE04EC0-301F-11D3-BF4B-00C04F79EFBC}") = "EX06", "EX06\EX06.csproj", "{85B26E64-2D27-46A9-B3CF-8A3299F93580}"
EndProject
Project("{FAE04EC0-301F-11D3-BF4B-00C04F79EFBC}") = "EX07", "EX07\EX07.csproj", "{34565EE6-EDC8-4A3F-8334-97C16A13C800}"
EndProject
Project("{FAE04EC0-301F-11D3-BF4B-00C04F79EFBC}") = "EX08", "EX08\EX08.csproj", "{FA64EAFE-90F4-4AD5-9D49-11F2B423B048}"
EndProject
Project("{FAE04EC0-301F-11D3-BF4B-00C04F79EFBC}") = "EX09", "EX09\EX09.csproj", "{8A7EF9C3-B21D-47D2-893C-78114F06468C}"
EndProject
Project("{FAE04EC0-301F-11D3-BF4B-00C04F79EFBC}") = "EX10", "EX10\EX10.csproj", "{7BCB3E4E-C1D1-4C2B-B271-CDE887CACEA1}"
EndProject
Global
	GlobalSection(SolutionConfigurationPlatforms) = preSolution
		Debug|Any CPU = Debug|Any CPU
		Release|Any CPU = Release|Any CPU
	EndGlobalSection
	GlobalSection(ProjectConfigurationPlatforms) = postSolution
		{64853D20-E605-4825-A1B8-A18F741D5A3A}.Debug|Any CPU.ActiveCfg = Debug|Any CPU
		{64853D20-E605-4825-A1B8-A18F741D5A3A}.Debug|Any CPU.Build.0 = Debug|Any CPU
		{64853D20-E605-4825-A1B8-A18F741D5A3A}.Release|Any CPU.ActiveCfg = Release|Any CPU
		{64853D20-E605-4825-A1B8-A18F741D5A3A}.Release|Any CPU.Build.0 = Release|Any CPU
		{F489A7BD-DF14-409F-B905-ED5644DA7874}.Debug|Any CPU.ActiveCfg = Debug|Any CPU
		{F489A7BD-DF14-409F-B905-ED5644DA7874}.Debug|Any CPU.Build.0 = Debug|Any CPU
		{F489A7BD-DF14-409F-B905-ED5644DA7874}.Release|Any CPU.ActiveCfg = Release|Any CPU
		{F489A7BD-DF14-409F-B905-ED5644DA7874}.Release|Any CPU.Build.0 = Release|Any CPU
		{8E2C6F2B-8FFA-4F1D-B921-43AD54A8F7C9}.Debug|Any CPU.ActiveCfg = Debug|Any CPU
		{8E2C6F2B-8FFA-4F1D-B921-43AD54A8F7C9}.Debug|Any CPU.Build.0 = Debug|Any CPU
		{8E2C6F2B-8FFA-4F1D-B921-43AD54A8F7C9}.Release|Any CPU.ActiveCfg = Release|Any CPU
		{8E2C6F2B-8FFA-4F1D-B921-43AD54A8F7C9}.Release|Any CPU.Build.0 = Release|Any CPU
		{6DAB50D4-E781-4BD6-BED2-872FABE645D5}.Debug|Any CPU.ActiveCfg = Debug|Any CPU
		{6DAB50D4-E781-4BD6-BED2-872FABE645D5}.Debug|Any CPU.Build.0 = Debug|Any CPU
		{6DAB50D4-E781-4BD6-BED2-872FABE645D5}.Release|Any CPU.ActiveCfg = Release|Any CPU
		{6DAB50D4-E781-4BD6-BED2-872FABE645D5}.Release|Any CPU.Build.0 = Release|Any CPU
		{45AEC5FC-769C-47DC-9573-2536B8CFF657}.Debug|Any CPU.ActiveCfg = Debug|Any CPU
		{45AEC5FC-769C-47DC-9573-2536B8CFF657}.Debug|Any CPU.Build.0 = Debug|Any CPU
		{45AEC5FC-769C-47DC-9573-2536B8CFF657}.Release|Any CPU.ActiveCfg = Release|Any CPU
		{45AEC5FC-769C-47DC-9573-2536B8CFF657}.Release|Any CPU.Build.0 = Release|Any CPU
		{85B26E64-2D27-46A9-B3CF-8A3299F93580}.Debug|Any CPU.ActiveCfg = Debug|Any CPU
		{85B26E64-2D27-46A9-B3CF-8A3299F93580}.Debug|Any CPU.Build.0 = Debug|Any CPU
		{85B26E64-2D27-46A9-B3CF-8A3299F93580}.Release|Any CPU.ActiveCfg = Release|Any CPU
		{85B26E64-2D27-46A9-B3CF-8A3299F93580}.Release|Any CPU.Build.0 = Release|Any CPU
		{34565EE6-EDC8-4A3F-8334-97C16A13C800}.Debug|Any CPU.ActiveCfg = Debug|Any CPU
		{34565EE6-EDC8-4A3F-8334-97C16A13C800}.Debug|Any CPU.Build.0 = Debug|Any CPU
		{34565EE6-EDC8-4A3F-8334-97C16A13C800}.Release|Any CPU.ActiveCfg = Release|Any CPU
		{34565EE6-EDC8-4A3F-8334-97C16A13C800}.Release|Any CPU.Build.0 = Release|Any CPU
		{FA64EAFE-90F4-4AD5-9D49-11F2B423B048}.Debug|Any CPU.ActiveCfg = Debug|Any CPU
		{FA64EAFE-90F4-4AD5-9D49-11F2B423B048}.Debug|Any CPU.Build.0 = Debug|Any CPU
		{FA64EAFE-90F4-4AD5-9D49-11F2B423B048}.Release|Any CPU.ActiveCfg = Release|Any CPU
		{FA64EAFE-90F4-4AD5-9D49-11F2B423B048}.Release|Any CPU.Build.0 = Release|Any CPU
		{8A7EF9C3-B21D-47D2-893C-78114F06468C}.Debug|Any CPU.ActiveCfg = Debug|Any CPU
		{8A7EF9C3-B21D-47D2-893C-78114F06468C}.Debug|Any CPU.Build.0 = Debug|Any CPU
		{8A7EF9C3-B21D-47D2-893C-78114F06468C}.Release|Any CPU.ActiveCfg = Release|Any CPU
		{8A7EF9C3-B21D-47D2-893C-78114F06468C}.Release|Any CPU.Build.0 = Release|Any CPU
		{7BCB3E4E-C1D1-4C2B-B271-CDE887CACEA1}.Debug|Any CPU.ActiveCfg = Debug|Any CPU
		{7BCB3E4E-C1D1-4C2B-B271-CDE887CACEA1}.Debug|Any CPU.Build.0 = Debug|Any CPU
		{7BCB3E4E-C1D1-4C2B-B271-CDE887CACEA1}.Release|Any CPU.ActiveCfg = Release|Any CPU
		{7BCB3E4E-C1D1-4C2B-B271-CDE887CACEA1}.Release|Any CPU.Build.0 = Release|Any CPU
	EndGlobalSection
	GlobalSection(SolutionProperties) = preSolution
		HideSolutionNode = FALSE
	EndGlobalSection
	GlobalSection(ExtensibilityGlobals) = postSolution
		SolutionGuid = {71F0C338-3351-4747-B009-E234191B655A}
	EndGlobalSection
EndGlobal
