
Microsoft Visual Studio Solution File, Format Version 12.00
# Visual Studio Version 17
VisualStudioVersion = 17.14.36429.23
MinimumVisualStudioVersion = 10.0.40219.1
Project("{FAE04EC0-301F-11D3-BF4B-00C04F79EFBC}") = "EX01", "EX01\EX01.csproj", "{765CADAB-185E-44FB-920B-B3EDC0487BCB}"
EndProject
Project("{FAE04EC0-301F-11D3-BF4B-00C04F79EFBC}") = "EX02", "EX02\EX02.csproj", "{BE8220BF-514F-48AB-8784-EA583C917272}"
EndProject
Project("{FAE04EC0-301F-11D3-BF4B-00C04F79EFBC}") = "EX03", "EX03\EX03.csproj", "{09303949-EECC-4766-B499-F82675312BFE}"
EndProject
Project("{FAE04EC0-301F-11D3-BF4B-00C04F79EFBC}") = "EX04", "EX04\EX04.csproj", "{C3DF5D13-3EB0-4210-9365-CF68AFCD160C}"
EndProject
Project("{FAE04EC0-301F-11D3-BF4B-00C04F79EFBC}") = "EX05", "EX05\EX05.csproj", "{B4C3E0A7-CF67-4112-937C-8C75D09EBEEF}"
EndProject
Project("{FAE04EC0-301F-11D3-BF4B-00C04F79EFBC}") = "EX08", "EX08\EX08.csproj", "{83DCCB65-A32C-4AAF-8CF0-3F23FA2BF7B6}"
EndProject
Project("{FAE04EC0-301F-11D3-BF4B-00C04F79EFBC}") = "EX09", "EX09\EX09.csproj", "{C9077E0E-EBD5-4803-A18F-F742570771B1}"
EndProject
Project("{FAE04EC0-301F-11D3-BF4B-00C04F79EFBC}") = "EX10", "EX10\EX10.csproj", "{E4A89DEA-745D-4AAA-A451-916B3EBD7538}"
EndProject
Global
	GlobalSection(SolutionConfigurationPlatforms) = preSolution
		Debug|Any CPU = Debug|Any CPU
		Release|Any CPU = Release|Any CPU
	EndGlobalSection
	GlobalSection(ProjectConfigurationPlatforms) = postSolution
		{765CADAB-185E-44FB-920B-B3EDC0487BCB}.Debug|Any CPU.ActiveCfg = Debug|Any CPU
		{765CADAB-185E-44FB-920B-B3EDC0487BCB}.Debug|Any CPU.Build.0 = Debug|Any CPU
		{765CADAB-185E-44FB-920B-B3EDC0487BCB}.Release|Any CPU.ActiveCfg = Release|Any CPU
		{765CADAB-185E-44FB-920B-B3EDC0487BCB}.Release|Any CPU.Build.0 = Release|Any CPU
		{BE8220BF-514F-48AB-8784-EA583C917272}.Debug|Any CPU.ActiveCfg = Debug|Any CPU
		{BE8220BF-514F-48AB-8784-EA583C917272}.Debug|Any CPU.Build.0 = Debug|Any CPU
		{BE8220BF-514F-48AB-8784-EA583C917272}.Release|Any CPU.ActiveCfg = Release|Any CPU
		{BE8220BF-514F-48AB-8784-EA583C917272}.Release|Any CPU.Build.0 = Release|Any CPU
		{09303949-EECC-4766-B499-F82675312BFE}.Debug|Any CPU.ActiveCfg = Debug|Any CPU
		{09303949-EECC-4766-B499-F82675312BFE}.Debug|Any CPU.Build.0 = Debug|Any CPU
		{09303949-EECC-4766-B499-F82675312BFE}.Release|Any CPU.ActiveCfg = Release|Any CPU
		{09303949-EECC-4766-B499-F82675312BFE}.Release|Any CPU.Build.0 = Release|Any CPU
		{C3DF5D13-3EB0-4210-9365-CF68AFCD160C}.Debug|Any CPU.ActiveCfg = Debug|Any CPU
		{C3DF5D13-3EB0-4210-9365-CF68AFCD160C}.Debug|Any CPU.Build.0 = Debug|Any CPU
		{C3DF5D13-3EB0-4210-9365-CF68AFCD160C}.Release|Any CPU.ActiveCfg = Release|Any CPU
		{C3DF5D13-3EB0-4210-9365-CF68AFCD160C}.Release|Any CPU.Build.0 = Release|Any CPU
		{B4C3E0A7-CF67-4112-937C-8C75D09EBEEF}.Debug|Any CPU.ActiveCfg = Debug|Any CPU
		{B4C3E0A7-CF67-4112-937C-8C75D09EBEEF}.Debug|Any CPU.Build.0 = Debug|Any CPU
		{B4C3E0A7-CF67-4112-937C-8C75D09EBEEF}.Release|Any CPU.ActiveCfg = Release|Any CPU
		{B4C3E0A7-CF67-4112-937C-8C75D09EBEEF}.Release|Any CPU.Build.0 = Release|Any CPU
		{83DCCB65-A32C-4AAF-8CF0-3F23FA2BF7B6}.Debug|Any CPU.ActiveCfg = Debug|Any CPU
		{83DCCB65-A32C-4AAF-8CF0-3F23FA2BF7B6}.Debug|Any CPU.Build.0 = Debug|Any CPU
		{83DCCB65-A32C-4AAF-8CF0-3F23FA2BF7B6}.Release|Any CPU.ActiveCfg = Release|Any CPU
		{83DCCB65-A32C-4AAF-8CF0-3F23FA2BF7B6}.Release|Any CPU.Build.0 = Release|Any CPU
		{C9077E0E-EBD5-4803-A18F-F742570771B1}.Debug|Any CPU.ActiveCfg = Debug|Any CPU
		{C9077E0E-EBD5-4803-A18F-F742570771B1}.Debug|Any CPU.Build.0 = Debug|Any CPU
		{C9077E0E-EBD5-4803-A18F-F742570771B1}.Release|Any CPU.ActiveCfg = Release|Any CPU
		{C9077E0E-EBD5-4803-A18F-F742570771B1}.Release|Any CPU.Build.0 = Release|Any CPU
		{E4A89DEA-745D-4AAA-A451-916B3EBD7538}.Debug|Any CPU.ActiveCfg = Debug|Any CPU
		{E4A89DEA-745D-4AAA-A451-916B3EBD7538}.Debug|Any CPU.Build.0 = Debug|Any CPU
		{E4A89DEA-745D-4AAA-A451-916B3EBD7538}.Release|Any CPU.ActiveCfg = Release|Any CPU
		{E4A89DEA-745D-4AAA-A451-916B3EBD7538}.Release|Any CPU.Build.0 = Release|Any CPU
	EndGlobalSection
	GlobalSection(SolutionProperties) = preSolution
		HideSolutionNode = FALSE
	EndGlobalSection
	GlobalSection(ExtensibilityGlobals) = postSolution
		SolutionGuid = {FEF6C3EB-D0AA-460F-8B6C-83C80B060DD9}
	EndGlobalSection
EndGlobal
