
Microsoft Visual Studio Solution File, Format Version 12.00
# Visual Studio Version 17
VisualStudioVersion = 17.14.36429.23
MinimumVisualStudioVersion = 10.0.40219.1
Project("{FAE04EC0-301F-11D3-BF4B-00C04F79EFBC}") = "EX01", "EX01\EX01.csproj", "{DE16CE90-B68E-4B2B-B5F4-CD9C1BA4B0E1}"
EndProject
Project("{FAE04EC0-301F-11D3-BF4B-00C04F79EFBC}") = "EX02", "EX02\EX02.csproj", "{FF352C68-16D0-4B5C-B9F4-00D8AAFCF6FE}"
EndProject
Project("{FAE04EC0-301F-11D3-BF4B-00C04F79EFBC}") = "EX03", "EX03\EX03.csproj", "{356D94A5-0962-4AE7-96C9-29B06CD8E148}"
EndProject
Project("{FAE04EC0-301F-11D3-BF4B-00C04F79EFBC}") = "EX04", "EX04\EX04.csproj", "{22729C55-80D1-42D5-8F2E-ABD93C77086A}"
EndProject
Project("{FAE04EC0-301F-11D3-BF4B-00C04F79EFBC}") = "EX05", "EX05\EX05.csproj", "{2FD277AB-20A1-4CE5-9620-0B9BF7188F1B}"
EndProject
Project("{FAE04EC0-301F-11D3-BF4B-00C04F79EFBC}") = "EX06", "EX06\EX06.csproj", "{AB81C030-C34F-4B2E-82FA-FEE6D931FE49}"
EndProject
Project("{FAE04EC0-301F-11D3-BF4B-00C04F79EFBC}") = "EX07", "EX07\EX07.csproj", "{5DDE60D4-F02A-4DC5-8008-46EDFCE964E1}"
EndProject
Project("{FAE04EC0-301F-11D3-BF4B-00C04F79EFBC}") = "EX08", "EX08\EX08.csproj", "{1CD85DE9-CDD0-4CBA-8F9B-9586442FF4F5}"
EndProject
Project("{FAE04EC0-301F-11D3-BF4B-00C04F79EFBC}") = "EX09", "EX09\EX09.csproj", "{398DC5FB-FC87-496B-93D1-3918D1A58FA5}"
EndProject
Project("{FAE04EC0-301F-11D3-BF4B-00C04F79EFBC}") = "EX10", "EX10\EX10.csproj", "{E4C41335-9EC3-45CE-932E-E033AD6D1AD5}"
EndProject
Project("{FAE04EC0-301F-11D3-BF4B-00C04F79EFBC}") = "EX11", "EX11\EX11.csproj", "{35448946-1545-422E-9843-B03DA29F3069}"
EndProject
Project("{FAE04EC0-301F-11D3-BF4B-00C04F79EFBC}") = "EX12", "EX12\EX12.csproj", "{39AF74CC-8184-4046-8CAC-D7C07147DFBC}"
EndProject
Project("{FAE04EC0-301F-11D3-BF4B-00C04F79EFBC}") = "EX13", "EX13\EX13.csproj", "{F3530EBD-E245-413E-BD54-E4F2E16F92A2}"
EndProject
Global
	GlobalSection(SolutionConfigurationPlatforms) = preSolution
		Debug|Any CPU = Debug|Any CPU
		Release|Any CPU = Release|Any CPU
	EndGlobalSection
	GlobalSection(ProjectConfigurationPlatforms) = postSolution
		{DE16CE90-B68E-4B2B-B5F4-CD9C1BA4B0E1}.Debug|Any CPU.ActiveCfg = Debug|Any CPU
		{DE16CE90-B68E-4B2B-B5F4-CD9C1BA4B0E1}.Debug|Any CPU.Build.0 = Debug|Any CPU
		{DE16CE90-B68E-4B2B-B5F4-CD9C1BA4B0E1}.Release|Any CPU.ActiveCfg = Release|Any CPU
		{DE16CE90-B68E-4B2B-B5F4-CD9C1BA4B0E1}.Release|Any CPU.Build.0 = Release|Any CPU
		{FF352C68-16D0-4B5C-B9F4-00D8AAFCF6FE}.Debug|Any CPU.ActiveCfg = Debug|Any CPU
		{FF352C68-16D0-4B5C-B9F4-00D8AAFCF6FE}.Debug|Any CPU.Build.0 = Debug|Any CPU
		{FF352C68-16D0-4B5C-B9F4-00D8AAFCF6FE}.Release|Any CPU.ActiveCfg = Release|Any CPU
		{FF352C68-16D0-4B5C-B9F4-00D8AAFCF6FE}.Release|Any CPU.Build.0 = Release|Any CPU
		{356D94A5-0962-4AE7-96C9-29B06CD8E148}.Debug|Any CPU.ActiveCfg = Debug|Any CPU
		{356D94A5-0962-4AE7-96C9-29B06CD8E148}.Debug|Any CPU.Build.0 = Debug|Any CPU
		{356D94A5-0962-4AE7-96C9-29B06CD8E148}.Release|Any CPU.ActiveCfg = Release|Any CPU
		{356D94A5-0962-4AE7-96C9-29B06CD8E148}.Release|Any CPU.Build.0 = Release|Any CPU
		{22729C55-80D1-42D5-8F2E-ABD93C77086A}.Debug|Any CPU.ActiveCfg = Debug|Any CPU
		{22729C55-80D1-42D5-8F2E-ABD93C77086A}.Debug|Any CPU.Build.0 = Debug|Any CPU
		{22729C55-80D1-42D5-8F2E-ABD93C77086A}.Release|Any CPU.ActiveCfg = Release|Any CPU
		{22729C55-80D1-42D5-8F2E-ABD93C77086A}.Release|Any CPU.Build.0 = Release|Any CPU
		{2FD277AB-20A1-4CE5-9620-0B9BF7188F1B}.Debug|Any CPU.ActiveCfg = Debug|Any CPU
		{2FD277AB-20A1-4CE5-9620-0B9BF7188F1B}.Debug|Any CPU.Build.0 = Debug|Any CPU
		{2FD277AB-20A1-4CE5-9620-0B9BF7188F1B}.Release|Any CPU.ActiveCfg = Release|Any CPU
		{2FD277AB-20A1-4CE5-9620-0B9BF7188F1B}.Release|Any CPU.Build.0 = Release|Any CPU
		{AB81C030-C34F-4B2E-82FA-FEE6D931FE49}.Debug|Any CPU.ActiveCfg = Debug|Any CPU
		{AB81C030-C34F-4B2E-82FA-FEE6D931FE49}.Debug|Any CPU.Build.0 = Debug|Any CPU
		{AB81C030-C34F-4B2E-82FA-FEE6D931FE49}.Release|Any CPU.ActiveCfg = Release|Any CPU
		{AB81C030-C34F-4B2E-82FA-FEE6D931FE49}.Release|Any CPU.Build.0 = Release|Any CPU
		{5DDE60D4-F02A-4DC5-8008-46EDFCE964E1}.Debug|Any CPU.ActiveCfg = Debug|Any CPU
		{5DDE60D4-F02A-4DC5-8008-46EDFCE964E1}.Debug|Any CPU.Build.0 = Debug|Any CPU
		{5DDE60D4-F02A-4DC5-8008-46EDFCE964E1}.Release|Any CPU.ActiveCfg = Release|Any CPU
		{5DDE60D4-F02A-4DC5-8008-46EDFCE964E1}.Release|Any CPU.Build.0 = Release|Any CPU
		{1CD85DE9-CDD0-4CBA-8F9B-9586442FF4F5}.Debug|Any CPU.ActiveCfg = Debug|Any CPU
		{1CD85DE9-CDD0-4CBA-8F9B-9586442FF4F5}.Debug|Any CPU.Build.0 = Debug|Any CPU
		{1CD85DE9-CDD0-4CBA-8F9B-9586442FF4F5}.Release|Any CPU.ActiveCfg = Release|Any CPU
		{1CD85DE9-CDD0-4CBA-8F9B-9586442FF4F5}.Release|Any CPU.Build.0 = Release|Any CPU
		{398DC5FB-FC87-496B-93D1-3918D1A58FA5}.Debug|Any CPU.ActiveCfg = Debug|Any CPU
		{398DC5FB-FC87-496B-93D1-3918D1A58FA5}.Debug|Any CPU.Build.0 = Debug|Any CPU
		{398DC5FB-FC87-496B-93D1-3918D1A58FA5}.Release|Any CPU.ActiveCfg = Release|Any CPU
		{398DC5FB-FC87-496B-93D1-3918D1A58FA5}.Release|Any CPU.Build.0 = Release|Any CPU
		{E4C41335-9EC3-45CE-932E-E033AD6D1AD5}.Debug|Any CPU.ActiveCfg = Debug|Any CPU
		{E4C41335-9EC3-45CE-932E-E033AD6D1AD5}.Debug|Any CPU.Build.0 = Debug|Any CPU
		{E4C41335-9EC3-45CE-932E-E033AD6D1AD5}.Release|Any CPU.ActiveCfg = Release|Any CPU
		{E4C41335-9EC3-45CE-932E-E033AD6D1AD5}.Release|Any CPU.Build.0 = Release|Any CPU
		{35448946-1545-422E-9843-B03DA29F3069}.Debug|Any CPU.ActiveCfg = Debug|Any CPU
		{35448946-1545-422E-9843-B03DA29F3069}.Debug|Any CPU.Build.0 = Debug|Any CPU
		{35448946-1545-422E-9843-B03DA29F3069}.Release|Any CPU.ActiveCfg = Release|Any CPU
		{35448946-1545-422E-9843-B03DA29F3069}.Release|Any CPU.Build.0 = Release|Any CPU
		{39AF74CC-8184-4046-8CAC-D7C07147DFBC}.Debug|Any CPU.ActiveCfg = Debug|Any CPU
		{39AF74CC-8184-4046-8CAC-D7C07147DFBC}.Debug|Any CPU.Build.0 = Debug|Any CPU
		{39AF74CC-8184-4046-8CAC-D7C07147DFBC}.Release|Any CPU.ActiveCfg = Release|Any CPU
		{39AF74CC-8184-4046-8CAC-D7C07147DFBC}.Release|Any CPU.Build.0 = Release|Any CPU
		{F3530EBD-E245-413E-BD54-E4F2E16F92A2}.Debug|Any CPU.ActiveCfg = Debug|Any CPU
		{F3530EBD-E245-413E-BD54-E4F2E16F92A2}.Debug|Any CPU.Build.0 = Debug|Any CPU
		{F3530EBD-E245-413E-BD54-E4F2E16F92A2}.Release|Any CPU.ActiveCfg = Release|Any CPU
		{F3530EBD-E245-413E-BD54-E4F2E16F92A2}.Release|Any CPU.Build.0 = Release|Any CPU
	EndGlobalSection
	GlobalSection(SolutionProperties) = preSolution
		HideSolutionNode = FALSE
	EndGlobalSection
	GlobalSection(ExtensibilityGlobals) = postSolution
		SolutionGuid = {E6987EBE-D9C1-4965-9877-36F317D11A7F}
	EndGlobalSection
EndGlobal
