
Microsoft Visual Studio Solution File, Format Version 12.00
# Visual Studio Version 17
VisualStudioVersion = 17.14.36429.23 d17.14
MinimumVisualStudioVersion = 10.0.40219.1
Project("{FAE04EC0-301F-11D3-BF4B-00C04F79EFBC}") = "EX01", "EX01\EX01.csproj", "{D9CC508C-4462-4D48-8642-DD72A3C55B19}"
EndProject
Project("{FAE04EC0-301F-11D3-BF4B-00C04F79EFBC}") = "EX02", "EX02\EX02.csproj", "{00F6EBD3-1C15-4EC7-ACB4-173A08B00BF0}"
EndProject
Project("{FAE04EC0-301F-11D3-BF4B-00C04F79EFBC}") = "EX03", "EX03\EX03.csproj", "{F6DB5D4E-FF8D-4FDF-B2A2-5063E4E2FA04}"
EndProject
Project("{FAE04EC0-301F-11D3-BF4B-00C04F79EFBC}") = "EX04", "EX04\EX04.csproj", "{FF1BA926-BCAE-46BD-A181-FD6B6F807C9B}"
EndProject
Project("{FAE04EC0-301F-11D3-BF4B-00C04F79EFBC}") = "EX05", "EX05\EX05.csproj", "{2F2A4F2A-3A9E-465B-A4A7-39F9624A2BC1}"
EndProject
Global
	GlobalSection(SolutionConfigurationPlatforms) = preSolution
		Debug|Any CPU = Debug|Any CPU
		Release|Any CPU = Release|Any CPU
	EndGlobalSection
	GlobalSection(ProjectConfigurationPlatforms) = postSolution
		{D9CC508C-4462-4D48-8642-DD72A3C55B19}.Debug|Any CPU.ActiveCfg = Debug|Any CPU
		{D9CC508C-4462-4D48-8642-DD72A3C55B19}.Debug|Any CPU.Build.0 = Debug|Any CPU
		{D9CC508C-4462-4D48-8642-DD72A3C55B19}.Release|Any CPU.ActiveCfg = Release|Any CPU
		{D9CC508C-4462-4D48-8642-DD72A3C55B19}.Release|Any CPU.Build.0 = Release|Any CPU
		{00F6EBD3-1C15-4EC7-ACB4-173A08B00BF0}.Debug|Any CPU.ActiveCfg = Debug|Any CPU
		{00F6EBD3-1C15-4EC7-ACB4-173A08B00BF0}.Debug|Any CPU.Build.0 = Debug|Any CPU
		{00F6EBD3-1C15-4EC7-ACB4-173A08B00BF0}.Release|Any CPU.ActiveCfg = Release|Any CPU
		{00F6EBD3-1C15-4EC7-ACB4-173A08B00BF0}.Release|Any CPU.Build.0 = Release|Any CPU
		{F6DB5D4E-FF8D-4FDF-B2A2-5063E4E2FA04}.Debug|Any CPU.ActiveCfg = Debug|Any CPU
		{F6DB5D4E-FF8D-4FDF-B2A2-5063E4E2FA04}.Debug|Any CPU.Build.0 = Debug|Any CPU
		{F6DB5D4E-FF8D-4FDF-B2A2-5063E4E2FA04}.Release|Any CPU.ActiveCfg = Release|Any CPU
		{F6DB5D4E-FF8D-4FDF-B2A2-5063E4E2FA04}.Release|Any CPU.Build.0 = Release|Any CPU
		{FF1BA926-BCAE-46BD-A181-FD6B6F807C9B}.Debug|Any CPU.ActiveCfg = Debug|Any CPU
		{FF1BA926-BCAE-46BD-A181-FD6B6F807C9B}.Debug|Any CPU.Build.0 = Debug|Any CPU
		{FF1BA926-BCAE-46BD-A181-FD6B6F807C9B}.Release|Any CPU.ActiveCfg = Release|Any CPU
		{FF1BA926-BCAE-46BD-A181-FD6B6F807C9B}.Release|Any CPU.Build.0 = Release|Any CPU
		{2F2A4F2A-3A9E-465B-A4A7-39F9624A2BC1}.Debug|Any CPU.ActiveCfg = Debug|Any CPU
		{2F2A4F2A-3A9E-465B-A4A7-39F9624A2BC1}.Debug|Any CPU.Build.0 = Debug|Any CPU
		{2F2A4F2A-3A9E-465B-A4A7-39F9624A2BC1}.Release|Any CPU.ActiveCfg = Release|Any CPU
		{2F2A4F2A-3A9E-465B-A4A7-39F9624A2BC1}.Release|Any CPU.Build.0 = Release|Any CPU
	EndGlobalSection
	GlobalSection(SolutionProperties) = preSolution
		HideSolutionNode = FALSE
	EndGlobalSection
	GlobalSection(ExtensibilityGlobals) = postSolution
		SolutionGuid = {6FF2E372-79CB-4797-8A01-0545AEA157B7}
	EndGlobalSection
EndGlobal
